// !$*UTF8*$!
{
	archiveVersion = 1;
	classes = {
	};
	objectVersion = 56;
	objects = {

/* Begin PBXBuildFile section */
		3DB340722D319AF500901921 /* AppDelegate.swift in Sources */ = {isa = PBXBuildFile; fileRef = 3DB340712D319AF500901921 /* AppDelegate.swift */; };
		3DB340742D319AF500901921 /* SceneDelegate.swift in Sources */ = {isa = PBXBuildFile; fileRef = 3DB340732D319AF500901921 /* SceneDelegate.swift */; };
		3DB3407C2D319AF500901921 /* CryptoViper.xcdatamodeld in Sources */ = {isa = PBXBuildFile; fileRef = 3DB3407A2D319AF500901921 /* CryptoViper.xcdatamodeld */; };
		3DB3407E2D319AF700901921 /* Assets.xcassets in Resources */ = {isa = PBXBuildFile; fileRef = 3DB3407D2D319AF700901921 /* Assets.xcassets */; };
		3DB340812D319AF700901921 /* Base in Resources */ = {isa = PBXBuildFile; fileRef = 3DB340802D319AF700901921 /* Base */; };
		3DB340892D319BD100901921 /* View.swift in Sources */ = {isa = PBXBuildFile; fileRef = 3DB340882D319BD100901921 /* View.swift */; };
		3DB3408B2D319BEC00901921 /* Interactor.swift in Sources */ = {isa = PBXBuildFile; fileRef = 3DB3408A2D319BEC00901921 /* Interactor.swift */; };
		3DB3408D2D319C0800901921 /* Presenter.swift in Sources */ = {isa = PBXBuildFile; fileRef = 3DB3408C2D319C0800901921 /* Presenter.swift */; };
		3DB3408F2D319C1E00901921 /* Entity.swift in Sources */ = {isa = PBXBuildFile; fileRef = 3DB3408E2D319C1E00901921 /* Entity.swift */; };
		3DB340912D319C3500901921 /* Router.swift in Sources */ = {isa = PBXBuildFile; fileRef = 3DB340902D319C3500901921 /* Router.swift */; };
/* End PBXBuildFile section */

/* Begin PBXFileReference section */
		3DB3406E2D319AF500901921 /* CryptoViper.app */ = {isa = PBXFileReference; explicitFileType = wrapper.application; includeInIndex = 0; path = CryptoViper.app; sourceTree = BUILT_PRODUCTS_DIR; };
		3DB340712D319AF500901921 /* AppDelegate.swift */ = {isa = PBXFileReference; lastKnownFileType = sourcecode.swift; path = AppDelegate.swift; sourceTree = "<group>"; };
		3DB340732D319AF500901921 /* SceneDelegate.swift */ = {isa = PBXFileReference; lastKnownFileType = sourcecode.swift; path = SceneDelegate.swift; sourceTree = "<group>"; };
		3DB3407B2D319AF500901921 /* CryptoViper.xcdatamodel */ = {isa = PBXFileReference; lastKnownFileType = wrapper.xcdatamodel; path = CryptoViper.xcdatamodel; sourceTree = "<group>"; };
		3DB3407D2D319AF700901921 /* Assets.xcassets */ = {isa = PBXFileReference; lastKnownFileType = folder.assetcatalog; path = Assets.xcassets; sourceTree = "<group>"; };
		3DB340802D319AF700901921 /* Base */ = {isa = PBXFileReference; lastKnownFileType = file.storyboard; name = Base; path = Base.lproj/LaunchScreen.storyboard; sourceTree = "<group>"; };
		3DB340822D319AF700901921 /* Info.plist */ = {isa = PBXFileReference; lastKnownFileType = text.plist.xml; path = Info.plist; sourceTree = "<group>"; };
		3DB340882D319BD100901921 /* View.swift */ = {isa = PBXFileReference; lastKnownFileType = sourcecode.swift; path = View.swift; sourceTree = "<group>"; };
		3DB3408A2D319BEC00901921 /* Interactor.swift */ = {isa = PBXFileReference; lastKnownFileType = sourcecode.swift; path = Interactor.swift; sourceTree = "<group>"; };
		3DB3408C2D319C0800901921 /* Presenter.swift */ = {isa = PBXFileReference; lastKnownFileType = sourcecode.swift; path = Presenter.swift; sourceTree = "<group>"; };
		3DB3408E2D319C1E00901921 /* Entity.swift */ = {isa = PBXFileReference; lastKnownFileType = sourcecode.swift; path = Entity.swift; sourceTree = "<group>"; };
		3DB340902D319C3500901921 /* Router.swift */ = {isa = PBXFileReference; lastKnownFileType = sourcecode.swift; path = Router.swift; sourceTree = "<group>"; };
/* End PBXFileReference section */

/* Begin PBXFrameworksBuildPhase section */
		3DB3406B2D319AF500901921 /* Frameworks */ = {
			isa = PBXFrameworksBuildPhase;
			buildActionMask = 2147483647;
			files = (
			);
			runOnlyForDeploymentPostprocessing = 0;
		};
/* End PBXFrameworksBuildPhase section */

/* Begin PBXGroup section */
		3DB340652D319AF500901921 = {
			isa = PBXGroup;
			children = (
				3DB340702D319AF500901921 /* CryptoViper */,
				3DB3406F2D319AF500901921 /* Products */,
			);
			sourceTree = "<group>";
		};
		3DB3406F2D319AF500901921 /* Products */ = {
			isa = PBXGroup;
			children = (
				3DB3406E2D319AF500901921 /* CryptoViper.app */,
			);
			name = Products;
			sourceTree = "<group>";
		};
		3DB340702D319AF500901921 /* CryptoViper */ = {
			isa = PBXGroup;
			children = (
				3DB340712D319AF500901921 /* AppDelegate.swift */,
				3DB340732D319AF500901921 /* SceneDelegate.swift */,
				3DB3407D2D319AF700901921 /* Assets.xcassets */,
				3DB3407F2D319AF700901921 /* LaunchScreen.storyboard */,
				3DB340822D319AF700901921 /* Info.plist */,
				3DB3407A2D319AF500901921 /* CryptoViper.xcdatamodeld */,
				3DB340882D319BD100901921 /* View.swift */,
				3DB3408A2D319BEC00901921 /* Interactor.swift */,
				3DB3408C2D319C0800901921 /* Presenter.swift */,
				3DB3408E2D319C1E00901921 /* Entity.swift */,
				3DB340902D319C3500901921 /* Router.swift */,
			);
			path = CryptoViper;
			sourceTree = "<group>";
		};
/* End PBXGroup section */

/* Begin PBXNativeTarget section */
		3DB3406D2D319AF500901921 /* CryptoViper */ = {
			isa = PBXNativeTarget;
			buildConfigurationList = 3DB340852D319AF700901921 /* Build configuration list for PBXNativeTarget "CryptoViper" */;
			buildPhases = (
				3DB3406A2D319AF500901921 /* Sources */,
				3DB3406B2D319AF500901921 /* Frameworks */,
				3DB3406C2D319AF500901921 /* Resources */,
			);
			buildRules = (
			);
			dependencies = (
			);
			name = CryptoViper;
			productName = CryptoViper;
			productReference = 3DB3406E2D319AF500901921 /* CryptoViper.app */;
			productType = "com.apple.product-type.application";
		};
/* End PBXNativeTarget section */

/* Begin PBXProject section */
		3DB340662D319AF500901921 /* Project object */ = {
			isa = PBXProject;
			attributes = {
				BuildIndependentTargetsInParallel = 1;
				LastSwiftUpdateCheck = 1540;
				LastUpgradeCheck = 1540;
				TargetAttributes = {
					3DB3406D2D319AF500901921 = {
						CreatedOnToolsVersion = 15.4;
					};
				};
			};
			buildConfigurationList = 3DB340692D319AF500901921 /* Build configuration list for PBXProject "CryptoViper" */;
			compatibilityVersion = "Xcode 14.0";
			developmentRegion = en;
			hasScannedForEncodings = 0;
			knownRegions = (
				en,
				Base,
			);
			mainGroup = 3DB340652D319AF500901921;
			productRefGroup = 3DB3406F2D319AF500901921 /* Products */;
			projectDirPath = "";
			projectRoot = "";
			targets = (
				3DB3406D2D319AF500901921 /* CryptoViper */,
			);
		};
/* End PBXProject section */

/* Begin PBXResourcesBuildPhase section */
		3DB3406C2D319AF500901921 /* Resources */ = {
			isa = PBXResourcesBuildPhase;
			buildActionMask = 2147483647;
			files = (
				3DB3407E2D319AF700901921 /* Assets.xcassets in Resources */,
				3DB340812D319AF700901921 /* Base in Resources */,
			);
			runOnlyForDeploymentPostprocessing = 0;
		};
/* End PBXResourcesBuildPhase section */

/* Begin PBXSourcesBuildPhase section */
		3DB3406A2D319AF500901921 /* Sources */ = {
			isa = PBXSourcesBuildPhase;
			buildActionMask = 2147483647;
			files = (
				3DB3408B2D319BEC00901921 /* Interactor.swift in Sources */,
				3DB3408D2D319C0800901921 /* Presenter.swift in Sources */,
				3DB340722D319AF500901921 /* AppDelegate.swift in Sources */,
				3DB340912D319C3500901921 /* Router.swift in Sources */,
				3DB3408F2D319C1E00901921 /* Entity.swift in Sources */,
				3DB340892D319BD100901921 /* View.swift in Sources */,
				3DB340742D319AF500901921 /* SceneDelegate.swift in Sources */,
				3DB3407C2D319AF500901921 /* CryptoViper.xcdatamodeld in Sources */,
			);
			runOnlyForDeploymentPostprocessing = 0;
		};
/* End PBXSourcesBuildPhase section */

/* Begin PBXVariantGroup section */
		3DB3407F2D319AF700901921 /* LaunchScreen.storyboard */ = {
			isa = PBXVariantGroup;
			children = (
				3DB340802D319AF700901921 /* Base */,
			);
			name = LaunchScreen.storyboard;
			sourceTree = "<group>";
		};
/* End PBXVariantGroup section */

/* Begin XCBuildConfiguration section */
		3DB340832D319AF700901921 /* Debug */ = {
			isa = XCBuildConfiguration;
			buildSettings = {
				ALWAYS_SEARCH_USER_PATHS = NO;
				ASSETCATALOG_COMPILER_GENERATE_SWIFT_ASSET_SYMBOL_EXTENSIONS = YES;
				CLANG_ANALYZER_NONNULL = YES;
				CLANG_ANALYZER_NUMBER_OBJECT_CONVERSION = YES_AGGRESSIVE;
				CLANG_CXX_LANGUAGE_STANDARD = "gnu++20";
				CLANG_ENABLE_MODULES = YES;
				CLANG_ENABLE_OBJC_ARC = YES;
				CLANG_ENABLE_OBJC_WEAK = YES;
				CLANG_WARN_BLOCK_CAPTURE_AUTORELEASING = YES;
				CLANG_WARN_BOOL_CONVERSION = YES;
				CLANG_WARN_COMMA = YES;
				CLANG_WARN_CONSTANT_CONVERSION = YES;
				CLANG_WARN_DEPRECATED_OBJC_IMPLEMENTATIONS = YES;
				CLANG_WARN_DIRECT_OBJC_ISA_USAGE = YES_ERROR;
				CLANG_WARN_DOCUMENTATION_COMMENTS = YES;
				CLANG_WARN_EMPTY_BODY = YES;
				CLANG_WARN_ENUM_CONVERSION = YES;
				CLANG_WARN_INFINITE_RECURSION = YES;
				CLANG_WARN_INT_CONVERSION = YES;
				CLANG_WARN_NON_LITERAL_NULL_CONVERSION = YES;
				CLANG_WARN_OBJC_IMPLICIT_RETAIN_SELF = YES;
				CLANG_WARN_OBJC_LITERAL_CONVERSION = YES;
				CLANG_WARN_OBJC_ROOT_CLASS = YES_ERROR;
				CLANG_WARN_QUOTED_INCLUDE_IN_FRAMEWORK_HEADER = YES;
				CLANG_WARN_RANGE_LOOP_ANALYSIS = YES;
				CLANG_WARN_STRICT_PROTOTYPES = YES;
				CLANG_WARN_SUSPICIOUS_MOVE = YES;
				CLANG_WARN_UNGUARDED_AVAILABILITY = YES_AGGRESSIVE;
				CLANG_WARN_UNREACHABLE_CODE = YES;
				CLANG_WARN__DUPLICATE_METHOD_MATCH = YES;
				COPY_PHASE_STRIP = NO;
				DEBUG_INFORMATION_FORMAT = dwarf;
				ENABLE_STRICT_OBJC_MSGSEND = YES;
				ENABLE_TESTABILITY = YES;
				ENABLE_USER_SCRIPT_SANDBOXING = YES;
				GCC_C_LANGUAGE_STANDARD = gnu17;
				GCC_DYNAMIC_NO_PIC = NO;
				GCC_NO_COMMON_BLOCKS = YES;
				GCC_OPTIMIZATION_LEVEL = 0;
				GCC_PREPROCESSOR_DEFINITIONS = (
					"DEBUG=1",
					"$(inherited)",
				);
				GCC_WARN_64_TO_32_BIT_CONVERSION = YES;
				GCC_WARN_ABOUT_RETURN_TYPE = YES_ERROR;
				GCC_WARN_UNDECLARED_SELECTOR = YES;
				GCC_WARN_UNINITIALIZED_AUTOS = YES_AGGRESSIVE;
				GCC_WARN_UNUSED_FUNCTION = YES;
				GCC_WARN_UNUSED_VARIABLE = YES;
				IPHONEOS_DEPLOYMENT_TARGET = 17.5;
				LOCALIZATION_PREFERS_STRING_CATALOGS = YES;
				MTL_ENABLE_DEBUG_INFO = INCLUDE_SOURCE;
				MTL_FAST_MATH = YES;
				ONLY_ACTIVE_ARCH = YES;
				SDKROOT = iphoneos;
				SWIFT_ACTIVE_COMPILATION_CONDITIONS = "DEBUG $(inherited)";
				SWIFT_OPTIMIZATION_LEVEL = "-Onone";
			};
			name = Debug;
		};
		3DB340842D319AF700901921 /* Release */ = {
			isa = XCBuildConfiguration;
			buildSettings = {
				ALWAYS_SEARCH_USER_PATHS = NO;
				ASSETCATALOG_COMPILER_GENERATE_SWIFT_ASSET_SYMBOL_EXTENSIONS = YES;
				CLANG_ANALYZER_NONNULL = YES;
				CLANG_ANALYZER_NUMBER_OBJECT_CONVERSION = YES_AGGRESSIVE;
				CLANG_CXX_LANGUAGE_STANDARD = "gnu++20";
				CLANG_ENABLE_MODULES = YES;
				CLANG_ENABLE_OBJC_ARC = YES;
				CLANG_ENABLE_OBJC_WEAK = YES;
				CLANG_WARN_BLOCK_CAPTURE_AUTORELEASING = YES;
				CLANG_WARN_BOOL_CONVERSION = YES;
				CLANG_WARN_COMMA = YES;
				CLANG_WARN_CONSTANT_CONVERSION = YES;
				CLANG_WARN_DEPRECATED_OBJC_IMPLEMENTATIONS = YES;
				CLANG_WARN_DIRECT_OBJC_ISA_USAGE = YES_ERROR;
				CLANG_WARN_DOCUMENTATION_COMMENTS = YES;
				CLANG_WARN_EMPTY_BODY = YES;
				CLANG_WARN_ENUM_CONVERSION = YES;
				CLANG_WARN_INFINITE_RECURSION = YES;
				CLANG_WARN_INT_CONVERSION = YES;
				CLANG_WARN_NON_LITERAL_NULL_CONVERSION = YES;
				CLANG_WARN_OBJC_IMPLICIT_RETAIN_SELF = YES;
				CLANG_WARN_OBJC_LITERAL_CONVERSION = YES;
				CLANG_WARN_OBJC_ROOT_CLASS = YES_ERROR;
				CLANG_WARN_QUOTED_INCLUDE_IN_FRAMEWORK_HEADER = YES;
				CLANG_WARN_RANGE_LOOP_ANALYSIS = YES;
				CLANG_WARN_STRICT_PROTOTYPES = YES;
				CLANG_WARN_SUSPICIOUS_MOVE = YES;
				CLANG_WARN_UNGUARDED_AVAILABILITY = YES_AGGRESSIVE;
				CLANG_WARN_UNREACHABLE_CODE = YES;
				CLANG_WARN__DUPLICATE_METHOD_MATCH = YES;
				COPY_PHASE_STRIP = NO;
				DEBUG_INFORMATION_FORMAT = "dwarf-with-dsym";
				ENABLE_NS_ASSERTIONS = NO;
				ENABLE_STRICT_OBJC_MSGSEND = YES;
				ENABLE_USER_SCRIPT_SANDBOXING = YES;
				GCC_C_LANGUAGE_STANDARD = gnu17;
				GCC_NO_COMMON_BLOCKS = YES;
				GCC_WARN_64_TO_32_BIT_CONVERSION = YES;
				GCC_WARN_ABOUT_RETURN_TYPE = YES_ERROR;
				GCC_WARN_UNDECLARED_SELECTOR = YES;
				GCC_WARN_UNINITIALIZED_AUTOS = YES_AGGRESSIVE;
				GCC_WARN_UNUSED_FUNCTION = YES;
				GCC_WARN_UNUSED_VARIABLE = YES;
				IPHONEOS_DEPLOYMENT_TARGET = 17.5;
				LOCALIZATION_PREFERS_STRING_CATALOGS = YES;
				MTL_ENABLE_DEBUG_INFO = NO;
				MTL_FAST_MATH = YES;
				SDKROOT = iphoneos;
				SWIFT_COMPILATION_MODE = wholemodule;
				VALIDATE_PRODUCT = YES;
			};
			name = Release;
		};
		3DB340862D319AF700901921 /* Debug */ = {
			isa = XCBuildConfiguration;
			buildSettings = {
				ASSETCATALOG_COMPILER_APPICON_NAME = AppIcon;
				ASSETCATALOG_COMPILER_GLOBAL_ACCENT_COLOR_NAME = AccentColor;
				CODE_SIGN_STYLE = Automatic;
				CURRENT_PROJECT_VERSION = 1;
				DEVELOPMENT_TEAM = 54CV2B6LNS;
				GENERATE_INFOPLIST_FILE = YES;
				INFOPLIST_FILE = CryptoViper/Info.plist;
				INFOPLIST_KEY_UIApplicationSupportsIndirectInputEvents = YES;
				INFOPLIST_KEY_UILaunchStoryboardName = LaunchScreen;
				INFOPLIST_KEY_UIMainStoryboardFile = Main;
				INFOPLIST_KEY_UISupportedInterfaceOrientations = UIInterfaceOrientationPortrait;
				IPHONEOS_DEPLOYMENT_TARGET = 14.0;
				LD_RUNPATH_SEARCH_PATHS = (
					"$(inherited)",
					"@executable_path/Frameworks",
				);
				MARKETING_VERSION = 1.0;
				PRODUCT_BUNDLE_IDENTIFIER = alexguerrah.CryptoViper;
				PRODUCT_NAME = "$(TARGET_NAME)";
				SUPPORTED_PLATFORMS = "iphoneos iphonesimulator";
				SUPPORTS_MACCATALYST = NO;
				SUPPORTS_MAC_DESIGNED_FOR_IPHONE_IPAD = NO;
				SUPPORTS_XR_DESIGNED_FOR_IPHONE_IPAD = NO;
				SWIFT_EMIT_LOC_STRINGS = YES;
				SWIFT_VERSION = 5.0;
				TARGETED_DEVICE_FAMILY = 1;
			};
			name = Debug;
		};
		3DB340872D319AF700901921 /* Release */ = {
			isa = XCBuildConfiguration;
			buildSettings = {
				ASSETCATALOG_COMPILER_APPICON_NAME = AppIcon;
				ASSETCATALOG_COMPILER_GLOBAL_ACCENT_COLOR_NAME = AccentColor;
				CODE_SIGN_STYLE = Automatic;
				CURRENT_PROJECT_VERSION = 1;
				DEVELOPMENT_TEAM = 54CV2B6LNS;
				GENERATE_INFOPLIST_FILE = YES;
				INFOPLIST_FILE = CryptoViper/Info.plist;
				INFOPLIST_KEY_UIApplicationSupportsIndirectInputEvents = YES;
				INFOPLIST_KEY_UILaunchStoryboardName = LaunchScreen;
				INFOPLIST_KEY_UIMainStoryboardFile = Main;
				INFOPLIST_KEY_UISupportedInterfaceOrientations = UIInterfaceOrientationPortrait;
				IPHONEOS_DEPLOYMENT_TARGET = 14.0;
				LD_RUNPATH_SEARCH_PATHS = (
					"$(inherited)",
					"@executable_path/Frameworks",
				);
				MARKETING_VERSION = 1.0;
				PRODUCT_BUNDLE_IDENTIFIER = alexguerrah.CryptoViper;
				PRODUCT_NAME = "$(TARGET_NAME)";
				SUPPORTED_PLATFORMS = "iphoneos iphonesimulator";
				SUPPORTS_MACCATALYST = NO;
				SUPPORTS_MAC_DESIGNED_FOR_IPHONE_IPAD = NO;
				SUPPORTS_XR_DESIGNED_FOR_IPHONE_IPAD = NO;
				SWIFT_EMIT_LOC_STRINGS = YES;
				SWIFT_VERSION = 5.0;
				TARGETED_DEVICE_FAMILY = 1;
			};
			name = Release;
		};
/* End XCBuildConfiguration section */

/* Begin XCConfigurationList section */
		3DB340692D319AF500901921 /* Build configuration list for PBXProject "CryptoViper" */ = {
			isa = XCConfigurationList;
			buildConfigurations = (
				3DB340832D319AF700901921 /* Debug */,
				3DB340842D319AF700901921 /* Release */,
			);
			defaultConfigurationIsVisible = 0;
			defaultConfigurationName = Release;
		};
		3DB340852D319AF700901921 /* Build configuration list for PBXNativeTarget "CryptoViper" */ = {
			isa = XCConfigurationList;
			buildConfigurations = (
				3DB340862D319AF700901921 /* Debug */,
				3DB340872D319AF700901921 /* Release */,
			);
			defaultConfigurationIsVisible = 0;
			defaultConfigurationName = Release;
		};
/* End XCConfigurationList section */

/* Begin XCVersionGroup section */
		3DB3407A2D319AF500901921 /* CryptoViper.xcdatamodeld */ = {
			isa = XCVersionGroup;
			children = (
				3DB3407B2D319AF500901921 /* CryptoViper.xcdatamodel */,
			);
			currentVersion = 3DB3407B2D319AF500901921 /* CryptoViper.xcdatamodel */;
			path = CryptoViper.xcdatamodeld;
			sourceTree = "<group>";
			versionGroupType = wrapper.xcdatamodel;
		};
/* End XCVersionGroup section */
	};
	rootObject = 3DB340662D319AF500901921 /* Project object */;
}
